
Microsoft Visual Studio Solution File, Format Version 12.00
# Visual Studio 14
VisualStudioVersion = 14.0.25420.1
MinimumVisualStudioVersion = 10.0.40219.1
Project("{FAE04EC0-301F-11D3-BF4B-00C04F79EFBC}") = "ReloadersWorkShop", "ReloadersWorkShop\ReloadersWorkShop.csproj", "{E27AF009-FD53-44DD-8062-95EF002FC828}"
EndProject
Project("{FAE04EC0-301F-11D3-BF4B-00C04F79EFBC}") = "ReloadersWorkShopLauncher", "ReloadersWorkShopLauncher\ReloadersWorkShopLauncher.csproj", "{513B11AA-AE14-4B0C-83A7-E9EE534E0B94}"
	ProjectSection(ProjectDependencies) = postProject
		{E27AF009-FD53-44DD-8062-95EF002FC828} = {E27AF009-FD53-44DD-8062-95EF002FC828}
	EndProjectSection
EndProject
Project("{FAE04EC0-301F-11D3-BF4B-00C04F79EFBC}") = "ReloadersWorkShopUpdater", "ReloadersWorkShopUpdater\ReloadersWorkShopUpdater.csproj", "{FFE10CAA-CCF1-49C2-A8A4-40FCC2D98ADF}"
	ProjectSection(ProjectDependencies) = postProject
		{E27AF009-FD53-44DD-8062-95EF002FC828} = {E27AF009-FD53-44DD-8062-95EF002FC828}
	EndProjectSection
EndProject
Project("{6141683F-8A12-4E36-9623-2EB02B2C2303}") = "ReloadersWorkShopSetup", "ReloadersWorkShopSetup\ReloadersWorkShopSetup.isproj", "{261B3E92-B5A3-4F6F-A83A-37901181E802}"
	ProjectSection(ProjectDependencies) = postProject
		{E27AF009-FD53-44DD-8062-95EF002FC828} = {E27AF009-FD53-44DD-8062-95EF002FC828}
		{FFE10CAA-CCF1-49C2-A8A4-40FCC2D98ADF} = {FFE10CAA-CCF1-49C2-A8A4-40FCC2D98ADF}
		{513B11AA-AE14-4B0C-83A7-E9EE534E0B94} = {513B11AA-AE14-4B0C-83A7-E9EE534E0B94}
	EndProjectSection
EndProject
Project("{FAE04EC0-301F-11D3-BF4B-00C04F79EFBC}") = "CreateActivationKey", "CreateActivationKey\CreateActivationKey.csproj", "{C75E7D8A-83BE-4F0C-B902-2B26E9965C2C}"
	ProjectSection(ProjectDependencies) = postProject
		{E27AF009-FD53-44DD-8062-95EF002FC828} = {E27AF009-FD53-44DD-8062-95EF002FC828}
	EndProjectSection
EndProject
Project("{FAE04EC0-301F-11D3-BF4B-00C04F79EFBC}") = "RWCommonLib", "RWCommonLib\RWCommonLib.csproj", "{F0E57498-B94E-4D0E-8F0A-9DFB4A34A32A}"
EndProject
Project("{FAE04EC0-301F-11D3-BF4B-00C04F79EFBC}") = "CommonLib", "..\CommonLib\CommonLib\CommonLib.csproj", "{A325E128-8691-4414-B5B7-7174D69A4A07}"
EndProject
Global
	GlobalSection(SolutionConfigurationPlatforms) = preSolution
		CD_ROM|Any CPU = CD_ROM|Any CPU
		CD_ROM|Mixed Platforms = CD_ROM|Mixed Platforms
		CD_ROM|x86 = CD_ROM|x86
		Debug|Any CPU = Debug|Any CPU
		Debug|Mixed Platforms = Debug|Mixed Platforms
		Debug|x86 = Debug|x86
		DVD-5|Any CPU = DVD-5|Any CPU
		DVD-5|Mixed Platforms = DVD-5|Mixed Platforms
		DVD-5|x86 = DVD-5|x86
		Release|Any CPU = Release|Any CPU
		Release|Mixed Platforms = Release|Mixed Platforms
		Release|x86 = Release|x86
		SingleImage|Any CPU = SingleImage|Any CPU
		SingleImage|Mixed Platforms = SingleImage|Mixed Platforms
		SingleImage|x86 = SingleImage|x86
	EndGlobalSection
	GlobalSection(ProjectConfigurationPlatforms) = postSolution
		{E27AF009-FD53-44DD-8062-95EF002FC828}.CD_ROM|Any CPU.ActiveCfg = Release|x86
		{E27AF009-FD53-44DD-8062-95EF002FC828}.CD_ROM|Mixed Platforms.ActiveCfg = Release|x86
		{E27AF009-FD53-44DD-8062-95EF002FC828}.CD_ROM|Mixed Platforms.Build.0 = Release|x86
		{E27AF009-FD53-44DD-8062-95EF002FC828}.CD_ROM|x86.ActiveCfg = Release|x86
		{E27AF009-FD53-44DD-8062-95EF002FC828}.CD_ROM|x86.Build.0 = Release|x86
		{E27AF009-FD53-44DD-8062-95EF002FC828}.Debug|Any CPU.ActiveCfg = Debug|x86
		{E27AF009-FD53-44DD-8062-95EF002FC828}.Debug|Any CPU.Build.0 = Debug|x86
		{E27AF009-FD53-44DD-8062-95EF002FC828}.Debug|Mixed Platforms.ActiveCfg = Debug|x86
		{E27AF009-FD53-44DD-8062-95EF002FC828}.Debug|Mixed Platforms.Build.0 = Debug|x86
		{E27AF009-FD53-44DD-8062-95EF002FC828}.Debug|x86.ActiveCfg = Debug|x86
		{E27AF009-FD53-44DD-8062-95EF002FC828}.Debug|x86.Build.0 = Debug|x86
		{E27AF009-FD53-44DD-8062-95EF002FC828}.DVD-5|Any CPU.ActiveCfg = Debug|x86
		{E27AF009-FD53-44DD-8062-95EF002FC828}.DVD-5|Mixed Platforms.ActiveCfg = Debug|x86
		{E27AF009-FD53-44DD-8062-95EF002FC828}.DVD-5|Mixed Platforms.Build.0 = Debug|x86
		{E27AF009-FD53-44DD-8062-95EF002FC828}.DVD-5|x86.ActiveCfg = Debug|x86
		{E27AF009-FD53-44DD-8062-95EF002FC828}.DVD-5|x86.Build.0 = Debug|x86
		{E27AF009-FD53-44DD-8062-95EF002FC828}.Release|Any CPU.ActiveCfg = Release|x86
		{E27AF009-FD53-44DD-8062-95EF002FC828}.Release|Mixed Platforms.ActiveCfg = Release|x86
		{E27AF009-FD53-44DD-8062-95EF002FC828}.Release|Mixed Platforms.Build.0 = Release|x86
		{E27AF009-FD53-44DD-8062-95EF002FC828}.Release|x86.ActiveCfg = Release|x86
		{E27AF009-FD53-44DD-8062-95EF002FC828}.Release|x86.Build.0 = Release|x86
		{E27AF009-FD53-44DD-8062-95EF002FC828}.SingleImage|Any CPU.ActiveCfg = Release|x86
		{E27AF009-FD53-44DD-8062-95EF002FC828}.SingleImage|Mixed Platforms.ActiveCfg = Release|x86
		{E27AF009-FD53-44DD-8062-95EF002FC828}.SingleImage|Mixed Platforms.Build.0 = Release|x86
		{E27AF009-FD53-44DD-8062-95EF002FC828}.SingleImage|x86.ActiveCfg = Release|x86
		{E27AF009-FD53-44DD-8062-95EF002FC828}.SingleImage|x86.Build.0 = Release|x86
		{513B11AA-AE14-4B0C-83A7-E9EE534E0B94}.CD_ROM|Any CPU.ActiveCfg = Release|Any CPU
		{513B11AA-AE14-4B0C-83A7-E9EE534E0B94}.CD_ROM|Any CPU.Build.0 = Release|Any CPU
		{513B11AA-AE14-4B0C-83A7-E9EE534E0B94}.CD_ROM|Mixed Platforms.ActiveCfg = Release|Any CPU
		{513B11AA-AE14-4B0C-83A7-E9EE534E0B94}.CD_ROM|Mixed Platforms.Build.0 = Release|Any CPU
		{513B11AA-AE14-4B0C-83A7-E9EE534E0B94}.CD_ROM|x86.ActiveCfg = Release|Any CPU
		{513B11AA-AE14-4B0C-83A7-E9EE534E0B94}.Debug|Any CPU.ActiveCfg = Debug|Any CPU
		{513B11AA-AE14-4B0C-83A7-E9EE534E0B94}.Debug|Any CPU.Build.0 = Debug|Any CPU
		{513B11AA-AE14-4B0C-83A7-E9EE534E0B94}.Debug|Mixed Platforms.ActiveCfg = Debug|Any CPU
		{513B11AA-AE14-4B0C-83A7-E9EE534E0B94}.Debug|Mixed Platforms.Build.0 = Debug|Any CPU
		{513B11AA-AE14-4B0C-83A7-E9EE534E0B94}.Debug|x86.ActiveCfg = Debug|Any CPU
		{513B11AA-AE14-4B0C-83A7-E9EE534E0B94}.DVD-5|Any CPU.ActiveCfg = Debug|Any CPU
		{513B11AA-AE14-4B0C-83A7-E9EE534E0B94}.DVD-5|Any CPU.Build.0 = Debug|Any CPU
		{513B11AA-AE14-4B0C-83A7-E9EE534E0B94}.DVD-5|Mixed Platforms.ActiveCfg = Debug|Any CPU
		{513B11AA-AE14-4B0C-83A7-E9EE534E0B94}.DVD-5|Mixed Platforms.Build.0 = Debug|Any CPU
		{513B11AA-AE14-4B0C-83A7-E9EE534E0B94}.DVD-5|x86.ActiveCfg = Debug|Any CPU
		{513B11AA-AE14-4B0C-83A7-E9EE534E0B94}.Release|Any CPU.ActiveCfg = Release|Any CPU
		{513B11AA-AE14-4B0C-83A7-E9EE534E0B94}.Release|Any CPU.Build.0 = Release|Any CPU
		{513B11AA-AE14-4B0C-83A7-E9EE534E0B94}.Release|Mixed Platforms.ActiveCfg = Release|Any CPU
		{513B11AA-AE14-4B0C-83A7-E9EE534E0B94}.Release|Mixed Platforms.Build.0 = Release|Any CPU
		{513B11AA-AE14-4B0C-83A7-E9EE534E0B94}.Release|x86.ActiveCfg = Release|Any CPU
		{513B11AA-AE14-4B0C-83A7-E9EE534E0B94}.SingleImage|Any CPU.ActiveCfg = Release|Any CPU
		{513B11AA-AE14-4B0C-83A7-E9EE534E0B94}.SingleImage|Any CPU.Build.0 = Release|Any CPU
		{513B11AA-AE14-4B0C-83A7-E9EE534E0B94}.SingleImage|Mixed Platforms.ActiveCfg = Release|Any CPU
		{513B11AA-AE14-4B0C-83A7-E9EE534E0B94}.SingleImage|Mixed Platforms.Build.0 = Release|Any CPU
		{513B11AA-AE14-4B0C-83A7-E9EE534E0B94}.SingleImage|x86.ActiveCfg = Release|Any CPU
		{FFE10CAA-CCF1-49C2-A8A4-40FCC2D98ADF}.CD_ROM|Any CPU.ActiveCfg = Release|Any CPU
		{FFE10CAA-CCF1-49C2-A8A4-40FCC2D98ADF}.CD_ROM|Any CPU.Build.0 = Release|Any CPU
		{FFE10CAA-CCF1-49C2-A8A4-40FCC2D98ADF}.CD_ROM|Mixed Platforms.ActiveCfg = Release|Any CPU
		{FFE10CAA-CCF1-49C2-A8A4-40FCC2D98ADF}.CD_ROM|Mixed Platforms.Build.0 = Release|Any CPU
		{FFE10CAA-CCF1-49C2-A8A4-40FCC2D98ADF}.CD_ROM|x86.ActiveCfg = Release|Any CPU
		{FFE10CAA-CCF1-49C2-A8A4-40FCC2D98ADF}.Debug|Any CPU.ActiveCfg = Debug|Any CPU
		{FFE10CAA-CCF1-49C2-A8A4-40FCC2D98ADF}.Debug|Any CPU.Build.0 = Debug|Any CPU
		{FFE10CAA-CCF1-49C2-A8A4-40FCC2D98ADF}.Debug|Mixed Platforms.ActiveCfg = Debug|Any CPU
		{FFE10CAA-CCF1-49C2-A8A4-40FCC2D98ADF}.Debug|Mixed Platforms.Build.0 = Debug|Any CPU
		{FFE10CAA-CCF1-49C2-A8A4-40FCC2D98ADF}.Debug|x86.ActiveCfg = Debug|Any CPU
		{FFE10CAA-CCF1-49C2-A8A4-40FCC2D98ADF}.DVD-5|Any CPU.ActiveCfg = Debug|Any CPU
		{FFE10CAA-CCF1-49C2-A8A4-40FCC2D98ADF}.DVD-5|Any CPU.Build.0 = Debug|Any CPU
		{FFE10CAA-CCF1-49C2-A8A4-40FCC2D98ADF}.DVD-5|Mixed Platforms.ActiveCfg = Debug|Any CPU
		{FFE10CAA-CCF1-49C2-A8A4-40FCC2D98ADF}.DVD-5|Mixed Platforms.Build.0 = Debug|Any CPU
		{FFE10CAA-CCF1-49C2-A8A4-40FCC2D98ADF}.DVD-5|x86.ActiveCfg = Debug|Any CPU
		{FFE10CAA-CCF1-49C2-A8A4-40FCC2D98ADF}.Release|Any CPU.ActiveCfg = Release|Any CPU
		{FFE10CAA-CCF1-49C2-A8A4-40FCC2D98ADF}.Release|Any CPU.Build.0 = Release|Any CPU
		{FFE10CAA-CCF1-49C2-A8A4-40FCC2D98ADF}.Release|Mixed Platforms.ActiveCfg = Release|Any CPU
		{FFE10CAA-CCF1-49C2-A8A4-40FCC2D98ADF}.Release|Mixed Platforms.Build.0 = Release|Any CPU
		{FFE10CAA-CCF1-49C2-A8A4-40FCC2D98ADF}.Release|x86.ActiveCfg = Release|Any CPU
		{FFE10CAA-CCF1-49C2-A8A4-40FCC2D98ADF}.SingleImage|Any CPU.ActiveCfg = Release|Any CPU
		{FFE10CAA-CCF1-49C2-A8A4-40FCC2D98ADF}.SingleImage|Any CPU.Build.0 = Release|Any CPU
		{FFE10CAA-CCF1-49C2-A8A4-40FCC2D98ADF}.SingleImage|Mixed Platforms.ActiveCfg = Release|Any CPU
		{FFE10CAA-CCF1-49C2-A8A4-40FCC2D98ADF}.SingleImage|Mixed Platforms.Build.0 = Release|Any CPU
		{FFE10CAA-CCF1-49C2-A8A4-40FCC2D98ADF}.SingleImage|x86.ActiveCfg = Release|Any CPU
		{261B3E92-B5A3-4F6F-A83A-37901181E802}.CD_ROM|Any CPU.ActiveCfg = CD_ROM
		{261B3E92-B5A3-4F6F-A83A-37901181E802}.CD_ROM|Any CPU.Build.0 = CD_ROM
		{261B3E92-B5A3-4F6F-A83A-37901181E802}.CD_ROM|Mixed Platforms.ActiveCfg = CD_ROM
		{261B3E92-B5A3-4F6F-A83A-37901181E802}.CD_ROM|Mixed Platforms.Build.0 = CD_ROM
		{261B3E92-B5A3-4F6F-A83A-37901181E802}.CD_ROM|x86.ActiveCfg = CD_ROM
		{261B3E92-B5A3-4F6F-A83A-37901181E802}.CD_ROM|x86.Build.0 = CD_ROM
		{261B3E92-B5A3-4F6F-A83A-37901181E802}.Debug|Any CPU.ActiveCfg = DVD-5
		{261B3E92-B5A3-4F6F-A83A-37901181E802}.Debug|Any CPU.Build.0 = DVD-5
		{261B3E92-B5A3-4F6F-A83A-37901181E802}.Debug|Mixed Platforms.ActiveCfg = DVD-5
		{261B3E92-B5A3-4F6F-A83A-37901181E802}.Debug|Mixed Platforms.Build.0 = DVD-5
		{261B3E92-B5A3-4F6F-A83A-37901181E802}.Debug|x86.ActiveCfg = DVD-5
		{261B3E92-B5A3-4F6F-A83A-37901181E802}.Debug|x86.Build.0 = DVD-5
		{261B3E92-B5A3-4F6F-A83A-37901181E802}.DVD-5|Any CPU.ActiveCfg = DVD-5
		{261B3E92-B5A3-4F6F-A83A-37901181E802}.DVD-5|Any CPU.Build.0 = DVD-5
		{261B3E92-B5A3-4F6F-A83A-37901181E802}.DVD-5|Mixed Platforms.ActiveCfg = DVD-5
		{261B3E92-B5A3-4F6F-A83A-37901181E802}.DVD-5|Mixed Platforms.Build.0 = DVD-5
		{261B3E92-B5A3-4F6F-A83A-37901181E802}.DVD-5|x86.ActiveCfg = DVD-5
		{261B3E92-B5A3-4F6F-A83A-37901181E802}.DVD-5|x86.Build.0 = DVD-5
		{261B3E92-B5A3-4F6F-A83A-37901181E802}.Release|Any CPU.ActiveCfg = SingleImage
		{261B3E92-B5A3-4F6F-A83A-37901181E802}.Release|Any CPU.Build.0 = SingleImage
		{261B3E92-B5A3-4F6F-A83A-37901181E802}.Release|Mixed Platforms.ActiveCfg = SingleImage
		{261B3E92-B5A3-4F6F-A83A-37901181E802}.Release|Mixed Platforms.Build.0 = SingleImage
		{261B3E92-B5A3-4F6F-A83A-37901181E802}.Release|x86.ActiveCfg = SingleImage
		{261B3E92-B5A3-4F6F-A83A-37901181E802}.Release|x86.Build.0 = SingleImage
		{261B3E92-B5A3-4F6F-A83A-37901181E802}.SingleImage|Any CPU.ActiveCfg = SingleImage
		{261B3E92-B5A3-4F6F-A83A-37901181E802}.SingleImage|Any CPU.Build.0 = SingleImage
		{261B3E92-B5A3-4F6F-A83A-37901181E802}.SingleImage|Mixed Platforms.ActiveCfg = SingleImage
		{261B3E92-B5A3-4F6F-A83A-37901181E802}.SingleImage|Mixed Platforms.Build.0 = SingleImage
		{261B3E92-B5A3-4F6F-A83A-37901181E802}.SingleImage|x86.ActiveCfg = SingleImage
		{261B3E92-B5A3-4F6F-A83A-37901181E802}.SingleImage|x86.Build.0 = SingleImage
		{C75E7D8A-83BE-4F0C-B902-2B26E9965C2C}.CD_ROM|Any CPU.ActiveCfg = Release|Any CPU
		{C75E7D8A-83BE-4F0C-B902-2B26E9965C2C}.CD_ROM|Any CPU.Build.0 = Release|Any CPU
		{C75E7D8A-83BE-4F0C-B902-2B26E9965C2C}.CD_ROM|Mixed Platforms.ActiveCfg = Release|Any CPU
		{C75E7D8A-83BE-4F0C-B902-2B26E9965C2C}.CD_ROM|Mixed Platforms.Build.0 = Release|Any CPU
		{C75E7D8A-83BE-4F0C-B902-2B26E9965C2C}.CD_ROM|x86.ActiveCfg = Release|Any CPU
		{C75E7D8A-83BE-4F0C-B902-2B26E9965C2C}.CD_ROM|x86.Build.0 = Release|Any CPU
		{C75E7D8A-83BE-4F0C-B902-2B26E9965C2C}.Debug|Any CPU.ActiveCfg = Debug|Any CPU
		{C75E7D8A-83BE-4F0C-B902-2B26E9965C2C}.Debug|Any CPU.Build.0 = Debug|Any CPU
		{C75E7D8A-83BE-4F0C-B902-2B26E9965C2C}.Debug|Mixed Platforms.ActiveCfg = Debug|Any CPU
		{C75E7D8A-83BE-4F0C-B902-2B26E9965C2C}.Debug|Mixed Platforms.Build.0 = Debug|Any CPU
		{C75E7D8A-83BE-4F0C-B902-2B26E9965C2C}.Debug|x86.ActiveCfg = Debug|Any CPU
		{C75E7D8A-83BE-4F0C-B902-2B26E9965C2C}.Debug|x86.Build.0 = Debug|Any CPU
		{C75E7D8A-83BE-4F0C-B902-2B26E9965C2C}.DVD-5|Any CPU.ActiveCfg = Debug|Any CPU
		{C75E7D8A-83BE-4F0C-B902-2B26E9965C2C}.DVD-5|Any CPU.Build.0 = Debug|Any CPU
		{C75E7D8A-83BE-4F0C-B902-2B26E9965C2C}.DVD-5|Mixed Platforms.ActiveCfg = Debug|Any CPU
		{C75E7D8A-83BE-4F0C-B902-2B26E9965C2C}.DVD-5|Mixed Platforms.Build.0 = Debug|Any CPU
		{C75E7D8A-83BE-4F0C-B902-2B26E9965C2C}.DVD-5|x86.ActiveCfg = Debug|Any CPU
		{C75E7D8A-83BE-4F0C-B902-2B26E9965C2C}.DVD-5|x86.Build.0 = Debug|Any CPU
		{C75E7D8A-83BE-4F0C-B902-2B26E9965C2C}.Release|Any CPU.ActiveCfg = Release|Any CPU
		{C75E7D8A-83BE-4F0C-B902-2B26E9965C2C}.Release|Any CPU.Build.0 = Release|Any CPU
		{C75E7D8A-83BE-4F0C-B902-2B26E9965C2C}.Release|Mixed Platforms.ActiveCfg = Release|Any CPU
		{C75E7D8A-83BE-4F0C-B902-2B26E9965C2C}.Release|Mixed Platforms.Build.0 = Release|Any CPU
		{C75E7D8A-83BE-4F0C-B902-2B26E9965C2C}.Release|x86.ActiveCfg = Release|Any CPU
		{C75E7D8A-83BE-4F0C-B902-2B26E9965C2C}.Release|x86.Build.0 = Release|Any CPU
		{C75E7D8A-83BE-4F0C-B902-2B26E9965C2C}.SingleImage|Any CPU.ActiveCfg = Release|Any CPU
		{C75E7D8A-83BE-4F0C-B902-2B26E9965C2C}.SingleImage|Any CPU.Build.0 = Release|Any CPU
		{C75E7D8A-83BE-4F0C-B902-2B26E9965C2C}.SingleImage|Mixed Platforms.ActiveCfg = Release|Any CPU
		{C75E7D8A-83BE-4F0C-B902-2B26E9965C2C}.SingleImage|Mixed Platforms.Build.0 = Release|Any CPU
		{C75E7D8A-83BE-4F0C-B902-2B26E9965C2C}.SingleImage|x86.ActiveCfg = Release|Any CPU
		{C75E7D8A-83BE-4F0C-B902-2B26E9965C2C}.SingleImage|x86.Build.0 = Release|Any CPU
		{F0E57498-B94E-4D0E-8F0A-9DFB4A34A32A}.CD_ROM|Any CPU.ActiveCfg = Release|Any CPU
		{F0E57498-B94E-4D0E-8F0A-9DFB4A34A32A}.CD_ROM|Any CPU.Build.0 = Release|Any CPU
		{F0E57498-B94E-4D0E-8F0A-9DFB4A34A32A}.CD_ROM|Mixed Platforms.ActiveCfg = Release|Any CPU
		{F0E57498-B94E-4D0E-8F0A-9DFB4A34A32A}.CD_ROM|Mixed Platforms.Build.0 = Release|Any CPU
		{F0E57498-B94E-4D0E-8F0A-9DFB4A34A32A}.CD_ROM|x86.ActiveCfg = Release|Any CPU
		{F0E57498-B94E-4D0E-8F0A-9DFB4A34A32A}.CD_ROM|x86.Build.0 = Release|Any CPU
		{F0E57498-B94E-4D0E-8F0A-9DFB4A34A32A}.Debug|Any CPU.ActiveCfg = Debug|Any CPU
		{F0E57498-B94E-4D0E-8F0A-9DFB4A34A32A}.Debug|Any CPU.Build.0 = Debug|Any CPU
		{F0E57498-B94E-4D0E-8F0A-9DFB4A34A32A}.Debug|Mixed Platforms.ActiveCfg = Debug|Any CPU
		{F0E57498-B94E-4D0E-8F0A-9DFB4A34A32A}.Debug|Mixed Platforms.Build.0 = Debug|Any CPU
		{F0E57498-B94E-4D0E-8F0A-9DFB4A34A32A}.Debug|x86.ActiveCfg = Debug|Any CPU
		{F0E57498-B94E-4D0E-8F0A-9DFB4A34A32A}.Debug|x86.Build.0 = Debug|Any CPU
		{F0E57498-B94E-4D0E-8F0A-9DFB4A34A32A}.DVD-5|Any CPU.ActiveCfg = Debug|Any CPU
		{F0E57498-B94E-4D0E-8F0A-9DFB4A34A32A}.DVD-5|Any CPU.Build.0 = Debug|Any CPU
		{F0E57498-B94E-4D0E-8F0A-9DFB4A34A32A}.DVD-5|Mixed Platforms.ActiveCfg = Debug|Any CPU
		{F0E57498-B94E-4D0E-8F0A-9DFB4A34A32A}.DVD-5|Mixed Platforms.Build.0 = Debug|Any CPU
		{F0E57498-B94E-4D0E-8F0A-9DFB4A34A32A}.DVD-5|x86.ActiveCfg = Debug|Any CPU
		{F0E57498-B94E-4D0E-8F0A-9DFB4A34A32A}.DVD-5|x86.Build.0 = Debug|Any CPU
		{F0E57498-B94E-4D0E-8F0A-9DFB4A34A32A}.Release|Any CPU.ActiveCfg = Release|Any CPU
		{F0E57498-B94E-4D0E-8F0A-9DFB4A34A32A}.Release|Any CPU.Build.0 = Release|Any CPU
		{F0E57498-B94E-4D0E-8F0A-9DFB4A34A32A}.Release|Mixed Platforms.ActiveCfg = Release|Any CPU
		{F0E57498-B94E-4D0E-8F0A-9DFB4A34A32A}.Release|Mixed Platforms.Build.0 = Release|Any CPU
		{F0E57498-B94E-4D0E-8F0A-9DFB4A34A32A}.Release|x86.ActiveCfg = Release|Any CPU
		{F0E57498-B94E-4D0E-8F0A-9DFB4A34A32A}.Release|x86.Build.0 = Release|Any CPU
		{F0E57498-B94E-4D0E-8F0A-9DFB4A34A32A}.SingleImage|Any CPU.ActiveCfg = Release|Any CPU
		{F0E57498-B94E-4D0E-8F0A-9DFB4A34A32A}.SingleImage|Any CPU.Build.0 = Release|Any CPU
		{F0E57498-B94E-4D0E-8F0A-9DFB4A34A32A}.SingleImage|Mixed Platforms.ActiveCfg = Release|Any CPU
		{F0E57498-B94E-4D0E-8F0A-9DFB4A34A32A}.SingleImage|Mixed Platforms.Build.0 = Release|Any CPU
		{F0E57498-B94E-4D0E-8F0A-9DFB4A34A32A}.SingleImage|x86.ActiveCfg = Release|Any CPU
		{F0E57498-B94E-4D0E-8F0A-9DFB4A34A32A}.SingleImage|x86.Build.0 = Release|Any CPU
		{A325E128-8691-4414-B5B7-7174D69A4A07}.CD_ROM|Any CPU.ActiveCfg = Release|Any CPU
		{A325E128-8691-4414-B5B7-7174D69A4A07}.CD_ROM|Any CPU.Build.0 = Release|Any CPU
		{A325E128-8691-4414-B5B7-7174D69A4A07}.CD_ROM|Mixed Platforms.ActiveCfg = Release|Any CPU
		{A325E128-8691-4414-B5B7-7174D69A4A07}.CD_ROM|Mixed Platforms.Build.0 = Release|Any CPU
		{A325E128-8691-4414-B5B7-7174D69A4A07}.CD_ROM|x86.ActiveCfg = Release|Any CPU
		{A325E128-8691-4414-B5B7-7174D69A4A07}.CD_ROM|x86.Build.0 = Release|Any CPU
		{A325E128-8691-4414-B5B7-7174D69A4A07}.Debug|Any CPU.ActiveCfg = Debug|Any CPU
		{A325E128-8691-4414-B5B7-7174D69A4A07}.Debug|Any CPU.Build.0 = Debug|Any CPU
		{A325E128-8691-4414-B5B7-7174D69A4A07}.Debug|Mixed Platforms.ActiveCfg = Debug|Any CPU
		{A325E128-8691-4414-B5B7-7174D69A4A07}.Debug|Mixed Platforms.Build.0 = Debug|Any CPU
		{A325E128-8691-4414-B5B7-7174D69A4A07}.Debug|x86.ActiveCfg = Debug|Any CPU
		{A325E128-8691-4414-B5B7-7174D69A4A07}.Debug|x86.Build.0 = Debug|Any CPU
		{A325E128-8691-4414-B5B7-7174D69A4A07}.DVD-5|Any CPU.ActiveCfg = Debug|Any CPU
		{A325E128-8691-4414-B5B7-7174D69A4A07}.DVD-5|Any CPU.Build.0 = Debug|Any CPU
		{A325E128-8691-4414-B5B7-7174D69A4A07}.DVD-5|Mixed Platforms.ActiveCfg = Debug|Any CPU
		{A325E128-8691-4414-B5B7-7174D69A4A07}.DVD-5|Mixed Platforms.Build.0 = Debug|Any CPU
		{A325E128-8691-4414-B5B7-7174D69A4A07}.DVD-5|x86.ActiveCfg = Debug|Any CPU
		{A325E128-8691-4414-B5B7-7174D69A4A07}.DVD-5|x86.Build.0 = Debug|Any CPU
		{A325E128-8691-4414-B5B7-7174D69A4A07}.Release|Any CPU.ActiveCfg = Release|Any CPU
		{A325E128-8691-4414-B5B7-7174D69A4A07}.Release|Any CPU.Build.0 = Release|Any CPU
		{A325E128-8691-4414-B5B7-7174D69A4A07}.Release|Mixed Platforms.ActiveCfg = Release|Any CPU
		{A325E128-8691-4414-B5B7-7174D69A4A07}.Release|Mixed Platforms.Build.0 = Release|Any CPU
		{A325E128-8691-4414-B5B7-7174D69A4A07}.Release|x86.ActiveCfg = Release|Any CPU
		{A325E128-8691-4414-B5B7-7174D69A4A07}.Release|x86.Build.0 = Release|Any CPU
		{A325E128-8691-4414-B5B7-7174D69A4A07}.SingleImage|Any CPU.ActiveCfg = Release|Any CPU
		{A325E128-8691-4414-B5B7-7174D69A4A07}.SingleImage|Any CPU.Build.0 = Release|Any CPU
		{A325E128-8691-4414-B5B7-7174D69A4A07}.SingleImage|Mixed Platforms.ActiveCfg = Release|Any CPU
		{A325E128-8691-4414-B5B7-7174D69A4A07}.SingleImage|Mixed Platforms.Build.0 = Release|Any CPU
		{A325E128-8691-4414-B5B7-7174D69A4A07}.SingleImage|x86.ActiveCfg = Release|Any CPU
		{A325E128-8691-4414-B5B7-7174D69A4A07}.SingleImage|x86.Build.0 = Release|Any CPU
	EndGlobalSection
	GlobalSection(SolutionProperties) = preSolution
		HideSolutionNode = FALSE
	EndGlobalSection
EndGlobal
